
Microsoft Visual Studio Solution File, Format Version 12.00
# Visual Studio Version 16
VisualStudioVersion = 16.0.31229.75
MinimumVisualStudioVersion = 10.0.40219.1
Project("{FAE04EC0-301F-11D3-BF4B-00C04F79EFBC}") = "WriteLine() 매서드", "WriteLine() 매서드\WriteLine() 매서드.csproj", "{4A1CD279-1F7D-4AB2-A5B7-1FD32F31CA43}"
EndProject
Global
	GlobalSection(SolutionConfigurationPlatforms) = preSolution
		Debug|Any CPU = Debug|Any CPU
		Release|Any CPU = Release|Any CPU
	EndGlobalSection
	GlobalSection(ProjectConfigurationPlatforms) = postSolution
		{4A1CD279-1F7D-4AB2-A5B7-1FD32F31CA43}.Debug|Any CPU.ActiveCfg = Debug|Any CPU
		{4A1CD279-1F7D-4AB2-A5B7-1FD32F31CA43}.Debug|Any CPU.Build.0 = Debug|Any CPU
		{4A1CD279-1F7D-4AB2-A5B7-1FD32F31CA43}.Release|Any CPU.ActiveCfg = Release|Any CPU
		{4A1CD279-1F7D-4AB2-A5B7-1FD32F31CA43}.Release|Any CPU.Build.0 = Release|Any CPU
	EndGlobalSection
	GlobalSection(SolutionProperties) = preSolution
		HideSolutionNode = FALSE
	EndGlobalSection
	GlobalSection(ExtensibilityGlobals) = postSolution
		SolutionGuid = {7F96836A-F0D5-441D-94B4-0E9F039B9920}
	EndGlobalSection
EndGlobal
