
Microsoft Visual Studio Solution File, Format Version 12.00
# Visual Studio Version 16
VisualStudioVersion = 16.0.31229.75
MinimumVisualStudioVersion = 10.0.40219.1
Project("{FAE04EC0-301F-11D3-BF4B-00C04F79EFBC}") = "Write()와 WriteLine() 매서드의 차이", "Write()와 WriteLine() 매서드의 차이\Write()와 WriteLine() 매서드의 차이.csproj", "{4C6AFA99-DA34-42A4-BAB1-D24FD27EBCD4}"
EndProject
Global
	GlobalSection(SolutionConfigurationPlatforms) = preSolution
		Debug|Any CPU = Debug|Any CPU
		Release|Any CPU = Release|Any CPU
	EndGlobalSection
	GlobalSection(ProjectConfigurationPlatforms) = postSolution
		{4C6AFA99-DA34-42A4-BAB1-D24FD27EBCD4}.Debug|Any CPU.ActiveCfg = Debug|Any CPU
		{4C6AFA99-DA34-42A4-BAB1-D24FD27EBCD4}.Debug|Any CPU.Build.0 = Debug|Any CPU
		{4C6AFA99-DA34-42A4-BAB1-D24FD27EBCD4}.Release|Any CPU.ActiveCfg = Release|Any CPU
		{4C6AFA99-DA34-42A4-BAB1-D24FD27EBCD4}.Release|Any CPU.Build.0 = Release|Any CPU
	EndGlobalSection
	GlobalSection(SolutionProperties) = preSolution
		HideSolutionNode = FALSE
	EndGlobalSection
	GlobalSection(ExtensibilityGlobals) = postSolution
		SolutionGuid = {7D73B188-573B-42CC-9215-7161DFC983B0}
	EndGlobalSection
EndGlobal
