
Microsoft Visual Studio Solution File, Format Version 12.00
# Visual Studio Version 16
VisualStudioVersion = 16.0.31229.75
MinimumVisualStudioVersion = 10.0.40219.1
Project("{FAE04EC0-301F-11D3-BF4B-00C04F79EFBC}") = "정수 생성", "정수 생성\정수 생성.csproj", "{5915E89B-0467-4004-89CC-AA6826CC77CD}"
EndProject
Global
	GlobalSection(SolutionConfigurationPlatforms) = preSolution
		Debug|Any CPU = Debug|Any CPU
		Release|Any CPU = Release|Any CPU
	EndGlobalSection
	GlobalSection(ProjectConfigurationPlatforms) = postSolution
		{5915E89B-0467-4004-89CC-AA6826CC77CD}.Debug|Any CPU.ActiveCfg = Debug|Any CPU
		{5915E89B-0467-4004-89CC-AA6826CC77CD}.Debug|Any CPU.Build.0 = Debug|Any CPU
		{5915E89B-0467-4004-89CC-AA6826CC77CD}.Release|Any CPU.ActiveCfg = Release|Any CPU
		{5915E89B-0467-4004-89CC-AA6826CC77CD}.Release|Any CPU.Build.0 = Release|Any CPU
	EndGlobalSection
	GlobalSection(SolutionProperties) = preSolution
		HideSolutionNode = FALSE
	EndGlobalSection
	GlobalSection(ExtensibilityGlobals) = postSolution
		SolutionGuid = {EB187F2D-2EA9-4444-BA96-178771A8C34E}
	EndGlobalSection
EndGlobal
